
Microsoft Visual Studio Solution File, Format Version 12.00
# Visual Studio Version 17
VisualStudioVersion = 17.13.35828.75 d17.13
MinimumVisualStudioVersion = 10.0.40219.1
Project("{8BC9CEB8-8B4A-11D0-8D11-00A0C91BC942}") = "content_manager", "content_manager.vcxproj", "{187DE55B-7DDE-450F-9E69-FF84BFAD5C29}"
EndProject
Global
	GlobalSection(SolutionConfigurationPlatforms) = preSolution
		Debug|x64 = Debug|x64
		Debug|x86 = Debug|x86
		Release|x64 = Release|x64
		Release|x86 = Release|x86
	EndGlobalSection
	GlobalSection(ProjectConfigurationPlatforms) = postSolution
		{187DE55B-7DDE-450F-9E69-FF84BFAD5C29}.Debug|x64.ActiveCfg = Debug|x64
		{187DE55B-7DDE-450F-9E69-FF84BFAD5C29}.Debug|x64.Build.0 = Debug|x64
		{187DE55B-7DDE-450F-9E69-FF84BFAD5C29}.Debug|x86.ActiveCfg = Debug|Win32
		{187DE55B-7DDE-450F-9E69-FF84BFAD5C29}.Debug|x86.Build.0 = Debug|Win32
		{187DE55B-7DDE-450F-9E69-FF84BFAD5C29}.Release|x64.ActiveCfg = Release|x64
		{187DE55B-7DDE-450F-9E69-FF84BFAD5C29}.Release|x64.Build.0 = Release|x64
		{187DE55B-7DDE-450F-9E69-FF84BFAD5C29}.Release|x86.ActiveCfg = Release|Win32
		{187DE55B-7DDE-450F-9E69-FF84BFAD5C29}.Release|x86.Build.0 = Release|Win32
	EndGlobalSection
	GlobalSection(SolutionProperties) = preSolution
		HideSolutionNode = FALSE
	EndGlobalSection
	GlobalSection(ExtensibilityGlobals) = postSolution
		SolutionGuid = {F527F332-C72E-4B3C-BFDF-6B66B14F873F}
	EndGlobalSection
EndGlobal
